
Microsoft Visual Studio Solution File, Format Version 12.00
# Visual Studio 2013
VisualStudioVersion = 12.0.21005.1
MinimumVisualStudioVersion = 10.0.40219.1
Project("{FAE04EC0-301F-11D3-BF4B-00C04F79EFBC}") = "GUI", "GUI\GUI.csproj", "{245BE77D-CF5F-499B-8469-3E45640BB607}"
EndProject
Project("{FAE04EC0-301F-11D3-BF4B-00C04F79EFBC}") = "DAL", "DAL\DAL.csproj", "{A10D2F35-1672-4593-8DDB-22CDF9AFC32D}"
EndProject
Project("{FAE04EC0-301F-11D3-BF4B-00C04F79EFBC}") = "BLL", "BLL\BLL.csproj", "{6187416D-9B13-478B-9646-69334B8AC0F7}"
EndProject
Global
	GlobalSection(SolutionConfigurationPlatforms) = preSolution
		Debug|Any CPU = Debug|Any CPU
		Release|Any CPU = Release|Any CPU
	EndGlobalSection
	GlobalSection(ProjectConfigurationPlatforms) = postSolution
		{245BE77D-CF5F-499B-8469-3E45640BB607}.Debug|Any CPU.ActiveCfg = Debug|Any CPU
		{245BE77D-CF5F-499B-8469-3E45640BB607}.Debug|Any CPU.Build.0 = Debug|Any CPU
		{245BE77D-CF5F-499B-8469-3E45640BB607}.Release|Any CPU.ActiveCfg = Release|Any CPU
		{245BE77D-CF5F-499B-8469-3E45640BB607}.Release|Any CPU.Build.0 = Release|Any CPU
		{A10D2F35-1672-4593-8DDB-22CDF9AFC32D}.Debug|Any CPU.ActiveCfg = Debug|Any CPU
		{A10D2F35-1672-4593-8DDB-22CDF9AFC32D}.Debug|Any CPU.Build.0 = Debug|Any CPU
		{A10D2F35-1672-4593-8DDB-22CDF9AFC32D}.Release|Any CPU.ActiveCfg = Release|Any CPU
		{A10D2F35-1672-4593-8DDB-22CDF9AFC32D}.Release|Any CPU.Build.0 = Release|Any CPU
		{6187416D-9B13-478B-9646-69334B8AC0F7}.Debug|Any CPU.ActiveCfg = Debug|Any CPU
		{6187416D-9B13-478B-9646-69334B8AC0F7}.Debug|Any CPU.Build.0 = Debug|Any CPU
		{6187416D-9B13-478B-9646-69334B8AC0F7}.Release|Any CPU.ActiveCfg = Release|Any CPU
		{6187416D-9B13-478B-9646-69334B8AC0F7}.Release|Any CPU.Build.0 = Release|Any CPU
	EndGlobalSection
	GlobalSection(SolutionProperties) = preSolution
		HideSolutionNode = FALSE
	EndGlobalSection
EndGlobal
